
Microsoft Visual Studio Solution File, Format Version 12.00
# Visual Studio Version 17
VisualStudioVersion = 17.10.34928.147
MinimumVisualStudioVersion = 10.0.40219.1
Project("{FAE04EC0-301F-11D3-BF4B-00C04F79EFBC}") = "BasicDbHandling", "BasicDbHandling.csproj", "{C6258F43-BE94-4BD3-A1CD-DE3F23CE8127}"
EndProject
Global
	GlobalSection(SolutionConfigurationPlatforms) = preSolution
		Debug|Any CPU = Debug|Any CPU
		Release|Any CPU = Release|Any CPU
	EndGlobalSection
	GlobalSection(ProjectConfigurationPlatforms) = postSolution
		{C6258F43-BE94-4BD3-A1CD-DE3F23CE8127}.Debug|Any CPU.ActiveCfg = Debug|Any CPU
		{C6258F43-BE94-4BD3-A1CD-DE3F23CE8127}.Debug|Any CPU.Build.0 = Debug|Any CPU
		{C6258F43-BE94-4BD3-A1CD-DE3F23CE8127}.Release|Any CPU.ActiveCfg = Release|Any CPU
		{C6258F43-BE94-4BD3-A1CD-DE3F23CE8127}.Release|Any CPU.Build.0 = Release|Any CPU
	EndGlobalSection
	GlobalSection(SolutionProperties) = preSolution
		HideSolutionNode = FALSE
	EndGlobalSection
	GlobalSection(ExtensibilityGlobals) = postSolution
		SolutionGuid = {4E7E520F-97B3-457C-A7BD-4E59ED822B56}
	EndGlobalSection
EndGlobal
